
Microsoft Visual Studio Solution File, Format Version 12.00
# Visual Studio Version 17
VisualStudioVersion = 17.4.33122.133
MinimumVisualStudioVersion = 10.0.40219.1
Project("{FAE04EC0-301F-11D3-BF4B-00C04F79EFBC}") = "ToyStore", "ToyStore.csproj", "{EF7250D3-9FE1-4F6A-A928-5C1849623594}"
EndProject
Global
	GlobalSection(SolutionConfigurationPlatforms) = preSolution
		Debug|Any CPU = Debug|Any CPU
		Release|Any CPU = Release|Any CPU
	EndGlobalSection
	GlobalSection(ProjectConfigurationPlatforms) = postSolution
		{EF7250D3-9FE1-4F6A-A928-5C1849623594}.Debug|Any CPU.ActiveCfg = Debug|Any CPU
		{EF7250D3-9FE1-4F6A-A928-5C1849623594}.Debug|Any CPU.Build.0 = Debug|Any CPU
		{EF7250D3-9FE1-4F6A-A928-5C1849623594}.Release|Any CPU.ActiveCfg = Release|Any CPU
		{EF7250D3-9FE1-4F6A-A928-5C1849623594}.Release|Any CPU.Build.0 = Release|Any CPU
	EndGlobalSection
	GlobalSection(SolutionProperties) = preSolution
		HideSolutionNode = FALSE
	EndGlobalSection
	GlobalSection(ExtensibilityGlobals) = postSolution
		SolutionGuid = {B4554C10-F028-4972-BE4C-16FB30997515}
	EndGlobalSection
EndGlobal
